<?xml version="1.0" encoding="utf-8"?>
<Project ToolsVersion="4.0" xmlns="http://schemas.microsoft.com/developer/msbuild/2003">
  <ItemGroup>
    <Filter Include="Source Files">
      <UniqueIdentifier>{4FC737F1-C7A5-4376-A066-2A32D752A2FF}</UniqueIdentifier>
      <Extensions>cpp;c;cc;cxx;c++;cppm;ixx;def;odl;idl;hpj;bat;asm;asmx</Extensions>
    </Filter>
    <Filter Include="Header Files">
      <UniqueIdentifier>{93995380-89BD-4b04-88EB-625FBE52EBFB}</UniqueIdentifier>
      <Extensions>h;hh;hpp;hxx;h++;hm;inl;inc;ipp;xsd</Extensions>
    </Filter>
    <Filter Include="Resource Files">
      <UniqueIdentifier>{67DA6AB6-F800-4c08-8B7A-83BB121AAD01}</UniqueIdentifier>
      <Extensions>rc;ico;cur;bmp;dlg;rc2;rct;bin;rgs;gif;jpg;jpeg;jpe;resx;tiff;tif;png;wav;mfcribbon-ms</Extensions>
    </Filter>
  </ItemGroup>
  <ItemGroup>
    <ClCompile Include="CoreGameRendering.cpp">
      <Filter>Source Files</Filter>
    </ClCompile>
    <ClCompile Include="Combat.cpp">
      <Filter>Source Files</Filter>
    </ClCompile>
    <ClCompile Include="Cursor.cpp">
      <Filter>Source Files</Filter>
    </ClCompile>
    <ClCompile Include="CDataDescription.cpp">
      <Filter>Source Files</Filter>
    </ClCompile>
    <ClCompile Include="DataLoading.cpp">
      <Filter>Source Files</Filter>
    </ClCompile>
    <ClCompile Include="Drawing.cpp">
      <Filter>Source Files</Filter>
    </ClCompile>
    <ClCompile Include="FPSCounter.cpp">
      <Filter>Source Files</Filter>
    </ClCompile>
    <ClCompile Include="Forradia.cpp">
      <Filter>Source Files</Filter>
    </ClCompile>
    <ClCompile Include="CGamingSession.cpp">
      <Filter>Source Files</Filter>
    </ClCompile>
    <ClCompile Include="GUI.cpp">
      <Filter>Source Files</Filter>
    </ClCompile>
    <ClCompile Include="GUICoordPanel.cpp">
      <Filter>Source Files</Filter>
    </ClCompile>
    <ClCompile Include="GUIMinimap.cpp">
      <Filter>Source Files</Filter>
    </ClCompile>
    <ClCompile Include="GUIStatusPanel.cpp">
      <Filter>Source Files</Filter>
    </ClCompile>
    <ClCompile Include="GUITerminal.cpp">
      <Filter>Source Files</Filter>
    </ClCompile>
    <ClCompile Include="GUIWorldMenu.cpp">
      <Filter>Source Files</Filter>
    </ClCompile>
    <ClCompile Include="ImageLoading.cpp">
      <Filter>Source Files</Filter>
    </ClCompile>
    <ClCompile Include="ItemMoving.cpp">
      <Filter>Source Files</Filter>
    </ClCompile>
    <ClCompile Include="KeyboardInput.cpp">
      <Filter>Source Files</Filter>
    </ClCompile>
    <ClCompile Include="Main.cpp">
      <Filter>Source Files</Filter>
    </ClCompile>
    <ClCompile Include="CMap.cpp">
      <Filter>Source Files</Filter>
    </ClCompile>
    <ClCompile Include="MapGeneration.cpp">
      <Filter>Source Files</Filter>
    </ClCompile>
    <ClCompile Include="CFoe.cpp">
      <Filter>Source Files</Filter>
    </ClCompile>
    <ClCompile Include="FoeMovement.cpp">
      <Filter>Source Files</Filter>
    </ClCompile>
    <ClCompile Include="FoesRendering.cpp">
      <Filter>Source Files</Filter>
    </ClCompile>
    <ClCompile Include="MouseInput.cpp">
      <Filter>Source Files</Filter>
    </ClCompile>
    <ClCompile Include="NPCNameGeneration.cpp">
      <Filter>Source Files</Filter>
    </ClCompile>
    <ClCompile Include="CNPC.cpp">
      <Filter>Source Files</Filter>
    </ClCompile>
    <ClCompile Include="CNPCDialog.cpp">
      <Filter>Source Files</Filter>
    </ClCompile>
    <ClCompile Include="CNPCDialogPhrase.cpp">
      <Filter>Source Files</Filter>
    </ClCompile>
    <ClCompile Include="CNPCDialogPhraseAnswerOption.cpp">
      <Filter>Source Files</Filter>
    </ClCompile>
    <ClCompile Include="NPCRendering.cpp">
      <Filter>Source Files</Filter>
    </ClCompile>
    <ClCompile Include="CObject.cpp">
      <Filter>Source Files</Filter>
    </ClCompile>
    <ClCompile Include="ObjectsRendering.cpp">
      <Filter>Source Files</Filter>
    </ClCompile>
    <ClCompile Include="ObjectsDecay.cpp">
      <Filter>Source Files</Filter>
    </ClCompile>
    <ClCompile Include="CPlayer.cpp">
      <Filter>Source Files</Filter>
    </ClCompile>
    <ClCompile Include="PlayerActions.cpp">
      <Filter>Source Files</Filter>
    </ClCompile>
    <ClCompile Include="PlayerRendering.cpp">
      <Filter>Source Files</Filter>
    </ClCompile>
    <ClCompile Include="CSceneCoreGameplay.cpp">
      <Filter>Source Files</Filter>
    </ClCompile>
    <ClCompile Include="CSceneMainMenu.cpp">
      <Filter>Source Files</Filter>
    </ClCompile>
    <ClCompile Include="CSceneStartNewGame.cpp">
      <Filter>Source Files</Filter>
    </ClCompile>
    <ClCompile Include="CSceneStartScreen.cpp">
      <Filter>Source Files</Filter>
    </ClCompile>
    <ClCompile Include="SDLInitialization.cpp">
      <Filter>Source Files</Filter>
    </ClCompile>
    <ClCompile Include="GUISystemMenu.cpp">
      <Filter>Source Files</Filter>
    </ClCompile>
    <ClCompile Include="TextRendering.cpp">
      <Filter>Source Files</Filter>
    </ClCompile>
    <ClCompile Include="CTile.cpp">
      <Filter>Source Files</Filter>
    </ClCompile>
    <ClCompile Include="TileEffectsRendering.cpp">
      <Filter>Source Files</Filter>
    </ClCompile>
    <ClCompile Include="CTileFloor.cpp">
      <Filter>Source Files</Filter>
    </ClCompile>
    <ClCompile Include="TileRendering.cpp">
      <Filter>Source Files</Filter>
    </ClCompile>
    <ClCompile Include="CTrain.cpp">
      <Filter>Source Files</Filter>
    </ClCompile>
    <ClCompile Include="TrainRendering.cpp">
      <Filter>Source Files</Filter>
    </ClCompile>
    <ClCompile Include="Utilities.cpp">
      <Filter>Source Files</Filter>
    </ClCompile>
    <ClCompile Include="CWindow.cpp">
      <Filter>Source Files</Filter>
    </ClCompile>
    <ClCompile Include="CWindowInventory.cpp">
      <Filter>Source Files</Filter>
    </ClCompile>
    <ClCompile Include="BattleExecution.cpp">
      <Filter>Source Files</Filter>
    </ClCompile>
    <ClCompile Include="CPoint.cpp">
      <Filter>Source Files</Filter>
    </ClCompile>
    <ClCompile Include="CFightableCharacter.cpp">
      <Filter>Source Files</Filter>
    </ClCompile>
    <ClCompile Include="FoeDeathAndRespawnHandling.cpp">
      <Filter>Source Files</Filter>
    </ClCompile>
    <ClCompile Include="CRectangle.cpp">
      <Filter>Source Files</Filter>
    </ClCompile>
    <ClCompile Include="CGUIButton.cpp">
      <Filter>Source Files</Filter>
    </ClCompile>
    <ClCompile Include="CInventory.cpp">
      <Filter>Source Files</Filter>
    </ClCompile>
    <ClCompile Include="Mining.cpp">
      <Filter>Source Files</Filter>
    </ClCompile>
    <ClCompile Include="Crafting.cpp">
      <Filter>Source Files</Filter>
    </ClCompile>
    <ClCompile Include="CSize.cpp">
      <Filter>Source Files</Filter>
    </ClCompile>
    <ClCompile Include="FoodEating.cpp">
      <Filter>Source Files</Filter>
    </ClCompile>
    <ClCompile Include="CActiveFoodItem.cpp">
      <Filter>Source Files</Filter>
    </ClCompile>
  </ItemGroup>
  <ItemGroup>
    <ClInclude Include="CoreGameRendering.h">
      <Filter>Header Files</Filter>
    </ClInclude>
    <ClInclude Include="Combat.h">
      <Filter>Header Files</Filter>
    </ClInclude>
    <ClInclude Include="Cursor.h">
      <Filter>Header Files</Filter>
    </ClInclude>
    <ClInclude Include="CDataDescription.h">
      <Filter>Header Files</Filter>
    </ClInclude>
    <ClInclude Include="DataLoading.h">
      <Filter>Header Files</Filter>
    </ClInclude>
    <ClInclude Include="Drawing.h">
      <Filter>Header Files</Filter>
    </ClInclude>
    <ClInclude Include="FPSCounter.h">
      <Filter>Header Files</Filter>
    </ClInclude>
    <ClInclude Include="Forradia.h">
      <Filter>Header Files</Filter>
    </ClInclude>
    <ClInclude Include="CGamingSession.h">
      <Filter>Header Files</Filter>
    </ClInclude>
    <ClInclude Include="GUI.h">
      <Filter>Header Files</Filter>
    </ClInclude>
    <ClInclude Include="GUICoordPanel.h">
      <Filter>Header Files</Filter>
    </ClInclude>
    <ClInclude Include="GUIMinimap.h">
      <Filter>Header Files</Filter>
    </ClInclude>
    <ClInclude Include="GUIStatusPanel.h">
      <Filter>Header Files</Filter>
    </ClInclude>
    <ClInclude Include="GUITerminal.h">
      <Filter>Header Files</Filter>
    </ClInclude>
    <ClInclude Include="GUIWorldMenu.h">
      <Filter>Header Files</Filter>
    </ClInclude>
    <ClInclude Include="ImageLoading.h">
      <Filter>Header Files</Filter>
    </ClInclude>
    <ClInclude Include="ItemMoving.h">
      <Filter>Header Files</Filter>
    </ClInclude>
    <ClInclude Include="KeyboardInput.h">
      <Filter>Header Files</Filter>
    </ClInclude>
    <ClInclude Include="CMap.h">
      <Filter>Header Files</Filter>
    </ClInclude>
    <ClInclude Include="MapGeneration.h">
      <Filter>Header Files</Filter>
    </ClInclude>
    <ClInclude Include="CFoe.h">
      <Filter>Header Files</Filter>
    </ClInclude>
    <ClInclude Include="FoeMovement.h">
      <Filter>Header Files</Filter>
    </ClInclude>
    <ClInclude Include="FoesRendering.h">
      <Filter>Header Files</Filter>
    </ClInclude>
    <ClInclude Include="MouseInput.h">
      <Filter>Header Files</Filter>
    </ClInclude>
    <ClInclude Include="NPCNameGeneration.h">
      <Filter>Header Files</Filter>
    </ClInclude>
    <ClInclude Include="CNPC.h">
      <Filter>Header Files</Filter>
    </ClInclude>
    <ClInclude Include="CNPCDialog.h">
      <Filter>Header Files</Filter>
    </ClInclude>
    <ClInclude Include="CNPCDialogPhrase.h">
      <Filter>Header Files</Filter>
    </ClInclude>
    <ClInclude Include="CNPCDialogPhraseAnswerOption.h">
      <Filter>Header Files</Filter>
    </ClInclude>
    <ClInclude Include="NPCRendering.h">
      <Filter>Header Files</Filter>
    </ClInclude>
    <ClInclude Include="CObject.h">
      <Filter>Header Files</Filter>
    </ClInclude>
    <ClInclude Include="ObjectsRendering.h">
      <Filter>Header Files</Filter>
    </ClInclude>
    <ClInclude Include="ObjectsDecay.h">
      <Filter>Header Files</Filter>
    </ClInclude>
    <ClInclude Include="CPlayer.h">
      <Filter>Header Files</Filter>
    </ClInclude>
    <ClInclude Include="PlayerActions.h">
      <Filter>Header Files</Filter>
    </ClInclude>
    <ClInclude Include="PlayerRendering.h">
      <Filter>Header Files</Filter>
    </ClInclude>
    <ClInclude Include="CScene.h">
      <Filter>Header Files</Filter>
    </ClInclude>
    <ClInclude Include="CSceneCoreGameplay.h">
      <Filter>Header Files</Filter>
    </ClInclude>
    <ClInclude Include="CSceneMainMenu.h">
      <Filter>Header Files</Filter>
    </ClInclude>
    <ClInclude Include="CSceneStartNewGame.h">
      <Filter>Header Files</Filter>
    </ClInclude>
    <ClInclude Include="CSceneStartScreen.h">
      <Filter>Header Files</Filter>
    </ClInclude>
    <ClInclude Include="SDLInitialization.h">
      <Filter>Header Files</Filter>
    </ClInclude>
    <ClInclude Include="GUISystemMenu.h">
      <Filter>Header Files</Filter>
    </ClInclude>
    <ClInclude Include="TextRendering.h">
      <Filter>Header Files</Filter>
    </ClInclude>
    <ClInclude Include="CTile.h">
      <Filter>Header Files</Filter>
    </ClInclude>
    <ClInclude Include="TileEffectsRendering.h">
      <Filter>Header Files</Filter>
    </ClInclude>
    <ClInclude Include="CTileFloor.h">
      <Filter>Header Files</Filter>
    </ClInclude>
    <ClInclude Include="TileRendering.h">
      <Filter>Header Files</Filter>
    </ClInclude>
    <ClInclude Include="CTrain.h">
      <Filter>Header Files</Filter>
    </ClInclude>
    <ClInclude Include="TrainRendering.h">
      <Filter>Header Files</Filter>
    </ClInclude>
    <ClInclude Include="Utilities.h">
      <Filter>Header Files</Filter>
    </ClInclude>
    <ClInclude Include="CWindow.h">
      <Filter>Header Files</Filter>
    </ClInclude>
    <ClInclude Include="CWindowInventory.h">
      <Filter>Header Files</Filter>
    </ClInclude>
    <ClInclude Include="Global_MapPreviewSize.h">
      <Filter>Header Files</Filter>
    </ClInclude>
    <ClInclude Include="Global_GameLoop.h">
      <Filter>Header Files</Filter>
    </ClInclude>
    <ClInclude Include="Global_Canvas.h">
      <Filter>Header Files</Filter>
    </ClInclude>
    <ClInclude Include="Global_Player.h">
      <Filter>Header Files</Filter>
    </ClInclude>
    <ClInclude Include="Global_Train.h">
      <Filter>Header Files</Filter>
    </ClInclude>
    <ClInclude Include="Global_CurrentMap.h">
      <Filter>Header Files</Filter>
    </ClInclude>
    <ClInclude Include="Global_SDL.h">
      <Filter>Header Files</Filter>
    </ClInclude>
    <ClInclude Include="Global_MapSize.h">
      <Filter>Header Files</Filter>
    </ClInclude>
    <ClInclude Include="Global_GUIProperties.h">
      <Filter>Header Files</Filter>
    </ClInclude>
    <ClInclude Include="Global_CurrentScene.h">
      <Filter>Header Files</Filter>
    </ClInclude>
    <ClInclude Include="Global_WorldMap.h">
      <Filter>Header Files</Filter>
    </ClInclude>
    <ClInclude Include="BattleExecution.h">
      <Filter>Header Files</Filter>
    </ClInclude>
    <ClInclude Include="Global_GameSettings.h">
      <Filter>Header Files</Filter>
    </ClInclude>
    <ClInclude Include="CPoint.h">
      <Filter>Header Files</Filter>
    </ClInclude>
    <ClInclude Include="CFightableCharacter.h">
      <Filter>Header Files</Filter>
    </ClInclude>
    <ClInclude Include="FoeDeathAndRespawnHandling.h">
      <Filter>Header Files</Filter>
    </ClInclude>
    <ClInclude Include="Global_Mouse.h">
      <Filter>Header Files</Filter>
    </ClInclude>
    <ClInclude Include="Colors.h">
      <Filter>Header Files</Filter>
    </ClInclude>
    <ClInclude Include="CRectangle.h">
      <Filter>Header Files</Filter>
    </ClInclude>
    <ClInclude Include="CGUIButton.h">
      <Filter>Header Files</Filter>
    </ClInclude>
    <ClInclude Include="CColoredString.h">
      <Filter>Header Files</Filter>
    </ClInclude>
    <ClInclude Include="CInventory.h">
      <Filter>Header Files</Filter>
    </ClInclude>
    <ClInclude Include="Mining.h">
      <Filter>Header Files</Filter>
    </ClInclude>
    <ClInclude Include="Crafting.h">
      <Filter>Header Files</Filter>
    </ClInclude>
    <ClInclude Include="CSize.h">
      <Filter>Header Files</Filter>
    </ClInclude>
    <ClInclude Include="Constants.h">
      <Filter>Header Files</Filter>
    </ClInclude>
    <ClInclude Include="CPoint3D.h">
      <Filter>Header Files</Filter>
    </ClInclude>
    <ClInclude Include="FoodEating.h">
      <Filter>Header Files</Filter>
    </ClInclude>
    <ClInclude Include="CActiveFoodItem.h">
      <Filter>Header Files</Filter>
    </ClInclude>
  </ItemGroup>
</Project>